
Microsoft Visual Studio Solution File, Format Version 12.00
# Visual Studio Version 17
VisualStudioVersion = 17.5.33502.453
MinimumVisualStudioVersion = 10.0.40219.1
Project("{FAE04EC0-301F-11D3-BF4B-00C04F79EFBC}") = "problem_plecakowy", "problem_plecakowy\problem_plecakowy.csproj", "{53768492-D269-4D4E-A978-C0F2607ECBB0}"
EndProject
Project("{FAE04EC0-301F-11D3-BF4B-00C04F79EFBC}") = "Testy problem plecakowy", "..\Testy problem plecakowy\Testy problem plecakowy\Testy problem plecakowy.csproj", "{BFEF0CCE-0CBB-4F4D-92D8-3B1723F34A57}"
EndProject
Project("{FAE04EC0-301F-11D3-BF4B-00C04F79EFBC}") = "aplikacja_okienkowa", "..\aplikacja_okienkowa\aplikacja_okienkowa.csproj", "{704CC793-969E-4E19-B331-22C9B63FE958}"
EndProject
Global
	GlobalSection(SolutionConfigurationPlatforms) = preSolution
		Debug|Any CPU = Debug|Any CPU
		Release|Any CPU = Release|Any CPU
	EndGlobalSection
	GlobalSection(ProjectConfigurationPlatforms) = postSolution
		{53768492-D269-4D4E-A978-C0F2607ECBB0}.Debug|Any CPU.ActiveCfg = Debug|Any CPU
		{53768492-D269-4D4E-A978-C0F2607ECBB0}.Debug|Any CPU.Build.0 = Debug|Any CPU
		{53768492-D269-4D4E-A978-C0F2607ECBB0}.Release|Any CPU.ActiveCfg = Release|Any CPU
		{53768492-D269-4D4E-A978-C0F2607ECBB0}.Release|Any CPU.Build.0 = Release|Any CPU
		{BFEF0CCE-0CBB-4F4D-92D8-3B1723F34A57}.Debug|Any CPU.ActiveCfg = Debug|Any CPU
		{BFEF0CCE-0CBB-4F4D-92D8-3B1723F34A57}.Debug|Any CPU.Build.0 = Debug|Any CPU
		{BFEF0CCE-0CBB-4F4D-92D8-3B1723F34A57}.Release|Any CPU.ActiveCfg = Release|Any CPU
		{BFEF0CCE-0CBB-4F4D-92D8-3B1723F34A57}.Release|Any CPU.Build.0 = Release|Any CPU
		{704CC793-969E-4E19-B331-22C9B63FE958}.Debug|Any CPU.ActiveCfg = Debug|Any CPU
		{704CC793-969E-4E19-B331-22C9B63FE958}.Debug|Any CPU.Build.0 = Debug|Any CPU
		{704CC793-969E-4E19-B331-22C9B63FE958}.Release|Any CPU.ActiveCfg = Release|Any CPU
		{704CC793-969E-4E19-B331-22C9B63FE958}.Release|Any CPU.Build.0 = Release|Any CPU
	EndGlobalSection
	GlobalSection(SolutionProperties) = preSolution
		HideSolutionNode = FALSE
	EndGlobalSection
	GlobalSection(ExtensibilityGlobals) = postSolution
		SolutionGuid = {586BD0C6-2E0A-4894-923A-C1E8124B87FC}
	EndGlobalSection
EndGlobal
